// !$*UTF8*$!
{
	archiveVersion = 1;
	classes = {
	};
	objectVersion = 45;
	objects = {

/* Begin PBXBuildFile section */
		1D3623260D0F684500981E51 /* AWSiosDEMOAppDelegate.m in Sources */ = {isa = PBXBuildFile; fileRef = 1D3623250D0F684500981E51 /* AWSiosDEMOAppDelegate.m */; };
		1D60589B0D05DD56006BFB54 /* main.m in Sources */ = {isa = PBXBuildFile; fileRef = 29B97316FDCFA39411CA2CEA /* main.m */; };
		1D60589F0D05DD5A006BFB54 /* Foundation.framework in Frameworks */ = {isa = PBXBuildFile; fileRef = 1D30AB110D05D00D00671497 /* Foundation.framework */; };
		1DF5F4E00D08C38300B7A737 /* UIKit.framework in Frameworks */ = {isa = PBXBuildFile; fileRef = 1DF5F4DF0D08C38300B7A737 /* UIKit.framework */; };
		288765A50DF7441C002DB57D /* CoreGraphics.framework in Frameworks */ = {isa = PBXBuildFile; fileRef = 288765A40DF7441C002DB57D /* CoreGraphics.framework */; };
		2899E5220DE3E06400AC0155 /* AWSiosDEMOViewController.xib in Resources */ = {isa = PBXBuildFile; fileRef = 2899E5210DE3E06400AC0155 /* AWSiosDEMOViewController.xib */; };
		28AD733F0D9D9553002E5188 /* MainWindow.xib in Resources */ = {isa = PBXBuildFile; fileRef = 28AD733E0D9D9553002E5188 /* MainWindow.xib */; };
		28D7ACF80DDB3853001CB0EB /* AWSiosDEMOViewController.m in Sources */ = {isa = PBXBuildFile; fileRef = 28D7ACF70DDB3853001CB0EB /* AWSiosDEMOViewController.m */; };
		D00E162812CD3BDC00FA8ED7 /* SendMessage.m in Sources */ = {isa = PBXBuildFile; fileRef = D00E162612CD3BDC00FA8ED7 /* SendMessage.m */; };
		D00E162912CD3BDC00FA8ED7 /* SendMessage.xib in Resources */ = {isa = PBXBuildFile; fileRef = D00E162712CD3BDC00FA8ED7 /* SendMessage.xib */; };
		D00E17DF12CD58ED00FA8ED7 /* Message.m in Sources */ = {isa = PBXBuildFile; fileRef = D00E17DD12CD58ED00FA8ED7 /* Message.m */; };
		D00E17E012CD58ED00FA8ED7 /* Message.xib in Resources */ = {isa = PBXBuildFile; fileRef = D00E17DE12CD58ED00FA8ED7 /* Message.xib */; };
		D00E181512CD5C8F00FA8ED7 /* AddQueue.m in Sources */ = {isa = PBXBuildFile; fileRef = D00E181312CD5C8F00FA8ED7 /* AddQueue.m */; };
		D00E181612CD5C8F00FA8ED7 /* AddQueue.xib in Resources */ = {isa = PBXBuildFile; fileRef = D00E181412CD5C8F00FA8ED7 /* AddQueue.xib */; };
		D0167E8813673F0B00FA6780 /* SdbAsyncViewController.m in Sources */ = {isa = PBXBuildFile; fileRef = D0167E8413673F0B00FA6780 /* SdbAsyncViewController.m */; };
		D0167E8913673F0B00FA6780 /* SdbAsyncViewController.xib in Resources */ = {isa = PBXBuildFile; fileRef = D0167E8513673F0B00FA6780 /* SdbAsyncViewController.xib */; };
		D0167E8A13673F0B00FA6780 /* SdbRequestDelegate.m in Sources */ = {isa = PBXBuildFile; fileRef = D0167E8713673F0B00FA6780 /* SdbRequestDelegate.m */; };
		D020A4A812CC086200332CDD /* QueueList.m in Sources */ = {isa = PBXBuildFile; fileRef = D020A4A612CC086200332CDD /* QueueList.m */; };
		D020A4A912CC086200332CDD /* QueueList.xib in Resources */ = {isa = PBXBuildFile; fileRef = D020A4A712CC086200332CDD /* QueueList.xib */; };
		D020A4B012CC096E00332CDD /* TopicList.m in Sources */ = {isa = PBXBuildFile; fileRef = D020A4AE12CC096E00332CDD /* TopicList.m */; };
		D020A4B112CC096E00332CDD /* TopicList.xib in Resources */ = {isa = PBXBuildFile; fileRef = D020A4AF12CC096E00332CDD /* TopicList.xib */; };
		D020A4EC12CC0D6F00332CDD /* MessageList.m in Sources */ = {isa = PBXBuildFile; fileRef = D020A4EA12CC0D6F00332CDD /* MessageList.m */; };
		D020A4ED12CC0D6F00332CDD /* MessageList.xib in Resources */ = {isa = PBXBuildFile; fileRef = D020A4EB12CC0D6F00332CDD /* MessageList.xib */; };
		D0211C1B1365D5B500CC5635 /* S3AsyncViewController.xib in Resources */ = {isa = PBXBuildFile; fileRef = D0211C1A1365D5B500CC5635 /* S3AsyncViewController.xib */; };
		D0211C1E1365D5D000CC5635 /* S3AsyncViewController.m in Sources */ = {isa = PBXBuildFile; fileRef = D0211C1D1365D5D000CC5635 /* S3AsyncViewController.m */; };
		D0211C651365E05800CC5635 /* S3RequestDelegate.m in Sources */ = {isa = PBXBuildFile; fileRef = D0211C641365E05800CC5635 /* S3RequestDelegate.m */; };
		D0211C9C1365E5EA00CC5635 /* temp.txt in Resources */ = {isa = PBXBuildFile; fileRef = D0211C9B1365E5EA00CC5635 /* temp.txt */; };
		D03F1B3F137796C200891BD9 /* AWSiOSSDK.framework in Frameworks */ = {isa = PBXBuildFile; fileRef = D03F1B3E137796C200891BD9 /* AWSiOSSDK.framework */; };
		D099929D128CA0E100CF9F64 /* AddBucketViewController.m in Sources */ = {isa = PBXBuildFile; fileRef = D099928D128CA0E100CF9F64 /* AddBucketViewController.m */; };
		D099929E128CA0E100CF9F64 /* AddBucketViewController.xib in Resources */ = {isa = PBXBuildFile; fileRef = D099928E128CA0E100CF9F64 /* AddBucketViewController.xib */; };
		D099929F128CA0E100CF9F64 /* AddObjectViewController.m in Sources */ = {isa = PBXBuildFile; fileRef = D0999290128CA0E100CF9F64 /* AddObjectViewController.m */; };
		D09992A0128CA0E100CF9F64 /* AddObjectViewController.xib in Resources */ = {isa = PBXBuildFile; fileRef = D0999291128CA0E100CF9F64 /* AddObjectViewController.xib */; };
		D09992A1128CA0E100CF9F64 /* BucketList.m in Sources */ = {isa = PBXBuildFile; fileRef = D0999293128CA0E100CF9F64 /* BucketList.m */; };
		D09992A2128CA0E100CF9F64 /* BucketList.xib in Resources */ = {isa = PBXBuildFile; fileRef = D0999294128CA0E100CF9F64 /* BucketList.xib */; };
		D09992A3128CA0E100CF9F64 /* Constants.m in Sources */ = {isa = PBXBuildFile; fileRef = D0999296128CA0E100CF9F64 /* Constants.m */; };
		D09992A4128CA0E100CF9F64 /* ObjectListing.m in Sources */ = {isa = PBXBuildFile; fileRef = D0999298128CA0E100CF9F64 /* ObjectListing.m */; };
		D09992A5128CA0E100CF9F64 /* ObjectListing.xib in Resources */ = {isa = PBXBuildFile; fileRef = D0999299128CA0E100CF9F64 /* ObjectListing.xib */; };
		D09992A6128CA0E100CF9F64 /* ObjectViewController.m in Sources */ = {isa = PBXBuildFile; fileRef = D099929B128CA0E100CF9F64 /* ObjectViewController.m */; };
		D09992A7128CA0E100CF9F64 /* ObjectViewController.xib in Resources */ = {isa = PBXBuildFile; fileRef = D099929C128CA0E100CF9F64 /* ObjectViewController.xib */; };
		D099945E128CAAE000CF9F64 /* DomainList.m in Sources */ = {isa = PBXBuildFile; fileRef = D099945C128CAAE000CF9F64 /* DomainList.m */; };
		D099945F128CAAE000CF9F64 /* DomainList.xib in Resources */ = {isa = PBXBuildFile; fileRef = D099945D128CAAE000CF9F64 /* DomainList.xib */; };
		D09994AD128CACC300CF9F64 /* ItemListing.m in Sources */ = {isa = PBXBuildFile; fileRef = D09994AB128CACC300CF9F64 /* ItemListing.m */; };
		D09994AE128CACC300CF9F64 /* ItemListing.xib in Resources */ = {isa = PBXBuildFile; fileRef = D09994AC128CACC300CF9F64 /* ItemListing.xib */; };
		D099951F128CB32100CF9F64 /* ItemViewController.m in Sources */ = {isa = PBXBuildFile; fileRef = D099951D128CB32100CF9F64 /* ItemViewController.m */; };
		D0999520128CB32100CF9F64 /* ItemViewController.xib in Resources */ = {isa = PBXBuildFile; fileRef = D099951E128CB32100CF9F64 /* ItemViewController.xib */; };
/* End PBXBuildFile section */

/* Begin PBXFileReference section */
		1D30AB110D05D00D00671497 /* Foundation.framework */ = {isa = PBXFileReference; lastKnownFileType = wrapper.framework; name = Foundation.framework; path = System/Library/Frameworks/Foundation.framework; sourceTree = SDKROOT; };
		1D3623240D0F684500981E51 /* AWSiosDEMOAppDelegate.h */ = {isa = PBXFileReference; fileEncoding = 4; lastKnownFileType = sourcecode.c.h; path = AWSiosDEMOAppDelegate.h; sourceTree = "<group>"; };
		1D3623250D0F684500981E51 /* AWSiosDEMOAppDelegate.m */ = {isa = PBXFileReference; fileEncoding = 4; lastKnownFileType = sourcecode.c.objc; path = AWSiosDEMOAppDelegate.m; sourceTree = "<group>"; };
		1D6058910D05DD3D006BFB54 /* AWSiosDEMO.app */ = {isa = PBXFileReference; explicitFileType = wrapper.application; includeInIndex = 0; path = AWSiosDEMO.app; sourceTree = BUILT_PRODUCTS_DIR; };
		1DF5F4DF0D08C38300B7A737 /* UIKit.framework */ = {isa = PBXFileReference; lastKnownFileType = wrapper.framework; name = UIKit.framework; path = System/Library/Frameworks/UIKit.framework; sourceTree = SDKROOT; };
		288765A40DF7441C002DB57D /* CoreGraphics.framework */ = {isa = PBXFileReference; lastKnownFileType = wrapper.framework; name = CoreGraphics.framework; path = System/Library/Frameworks/CoreGraphics.framework; sourceTree = SDKROOT; };
		2899E5210DE3E06400AC0155 /* AWSiosDEMOViewController.xib */ = {isa = PBXFileReference; lastKnownFileType = file.xib; path = AWSiosDEMOViewController.xib; sourceTree = "<group>"; };
		28AD733E0D9D9553002E5188 /* MainWindow.xib */ = {isa = PBXFileReference; lastKnownFileType = file.xib; path = MainWindow.xib; sourceTree = "<group>"; };
		28D7ACF60DDB3853001CB0EB /* AWSiosDEMOViewController.h */ = {isa = PBXFileReference; fileEncoding = 4; lastKnownFileType = sourcecode.c.h; path = AWSiosDEMOViewController.h; sourceTree = "<group>"; };
		28D7ACF70DDB3853001CB0EB /* AWSiosDEMOViewController.m */ = {isa = PBXFileReference; fileEncoding = 4; lastKnownFileType = sourcecode.c.objc; path = AWSiosDEMOViewController.m; sourceTree = "<group>"; };
		29B97316FDCFA39411CA2CEA /* main.m */ = {isa = PBXFileReference; fileEncoding = 4; lastKnownFileType = sourcecode.c.objc; path = main.m; sourceTree = "<group>"; };
		32CA4F630368D1EE00C91783 /* AWSiosDEMO_Prefix.pch */ = {isa = PBXFileReference; fileEncoding = 4; lastKnownFileType = sourcecode.c.h; path = AWSiosDEMO_Prefix.pch; sourceTree = "<group>"; };
		8D1107310486CEB800E47090 /* AWSiosDEMO-Info.plist */ = {isa = PBXFileReference; fileEncoding = 4; lastKnownFileType = text.plist.xml; path = "AWSiosDEMO-Info.plist"; plistStructureDefinitionIdentifier = "com.apple.xcode.plist.structure-definition.iphone.info-plist"; sourceTree = "<group>"; };
		D00E162512CD3BDC00FA8ED7 /* SendMessage.h */ = {isa = PBXFileReference; fileEncoding = 4; lastKnownFileType = sourcecode.c.h; path = SendMessage.h; sourceTree = "<group>"; };
		D00E162612CD3BDC00FA8ED7 /* SendMessage.m */ = {isa = PBXFileReference; fileEncoding = 4; lastKnownFileType = sourcecode.c.objc; path = SendMessage.m; sourceTree = "<group>"; };
		D00E162712CD3BDC00FA8ED7 /* SendMessage.xib */ = {isa = PBXFileReference; lastKnownFileType = file.xib; path = SendMessage.xib; sourceTree = "<group>"; };
		D00E17DC12CD58ED00FA8ED7 /* Message.h */ = {isa = PBXFileReference; fileEncoding = 4; lastKnownFileType = sourcecode.c.h; path = Message.h; sourceTree = "<group>"; };
		D00E17DD12CD58ED00FA8ED7 /* Message.m */ = {isa = PBXFileReference; fileEncoding = 4; lastKnownFileType = sourcecode.c.objc; path = Message.m; sourceTree = "<group>"; };
		D00E17DE12CD58ED00FA8ED7 /* Message.xib */ = {isa = PBXFileReference; lastKnownFileType = file.xib; path = Message.xib; sourceTree = "<group>"; };
		D00E181212CD5C8F00FA8ED7 /* AddQueue.h */ = {isa = PBXFileReference; fileEncoding = 4; lastKnownFileType = sourcecode.c.h; path = AddQueue.h; sourceTree = "<group>"; };
		D00E181312CD5C8F00FA8ED7 /* AddQueue.m */ = {isa = PBXFileReference; fileEncoding = 4; lastKnownFileType = sourcecode.c.objc; path = AddQueue.m; sourceTree = "<group>"; };
		D00E181412CD5C8F00FA8ED7 /* AddQueue.xib */ = {isa = PBXFileReference; lastKnownFileType = file.xib; path = AddQueue.xib; sourceTree = "<group>"; };
		D0167E8313673F0B00FA6780 /* SdbAsyncViewController.h */ = {isa = PBXFileReference; fileEncoding = 4; lastKnownFileType = sourcecode.c.h; path = SdbAsyncViewController.h; sourceTree = "<group>"; };
		D0167E8413673F0B00FA6780 /* SdbAsyncViewController.m */ = {isa = PBXFileReference; fileEncoding = 4; lastKnownFileType = sourcecode.c.objc; path = SdbAsyncViewController.m; sourceTree = "<group>"; };
		D0167E8513673F0B00FA6780 /* SdbAsyncViewController.xib */ = {isa = PBXFileReference; lastKnownFileType = file.xib; path = SdbAsyncViewController.xib; sourceTree = "<group>"; };
		D0167E8613673F0B00FA6780 /* SdbRequestDelegate.h */ = {isa = PBXFileReference; fileEncoding = 4; lastKnownFileType = sourcecode.c.h; path = SdbRequestDelegate.h; sourceTree = "<group>"; };
		D0167E8713673F0B00FA6780 /* SdbRequestDelegate.m */ = {isa = PBXFileReference; fileEncoding = 4; lastKnownFileType = sourcecode.c.objc; path = SdbRequestDelegate.m; sourceTree = "<group>"; };
		D020A4A512CC086200332CDD /* QueueList.h */ = {isa = PBXFileReference; fileEncoding = 4; lastKnownFileType = sourcecode.c.h; name = QueueList.h; path = SQS/QueueList.h; sourceTree = "<group>"; };
		D020A4A612CC086200332CDD /* QueueList.m */ = {isa = PBXFileReference; fileEncoding = 4; lastKnownFileType = sourcecode.c.objc; name = QueueList.m; path = SQS/QueueList.m; sourceTree = "<group>"; };
		D020A4A712CC086200332CDD /* QueueList.xib */ = {isa = PBXFileReference; lastKnownFileType = file.xib; name = QueueList.xib; path = SQS/QueueList.xib; sourceTree = "<group>"; };
		D020A4AD12CC096E00332CDD /* TopicList.h */ = {isa = PBXFileReference; fileEncoding = 4; lastKnownFileType = sourcecode.c.h; path = TopicList.h; sourceTree = "<group>"; };
		D020A4AE12CC096E00332CDD /* TopicList.m */ = {isa = PBXFileReference; fileEncoding = 4; lastKnownFileType = sourcecode.c.objc; path = TopicList.m; sourceTree = "<group>"; };
		D020A4AF12CC096E00332CDD /* TopicList.xib */ = {isa = PBXFileReference; lastKnownFileType = file.xib; path = TopicList.xib; sourceTree = "<group>"; };
		D020A4E912CC0D6F00332CDD /* MessageList.h */ = {isa = PBXFileReference; fileEncoding = 4; lastKnownFileType = sourcecode.c.h; path = MessageList.h; sourceTree = "<group>"; };
		D020A4EA12CC0D6F00332CDD /* MessageList.m */ = {isa = PBXFileReference; fileEncoding = 4; lastKnownFileType = sourcecode.c.objc; path = MessageList.m; sourceTree = "<group>"; };
		D020A4EB12CC0D6F00332CDD /* MessageList.xib */ = {isa = PBXFileReference; lastKnownFileType = file.xib; path = MessageList.xib; sourceTree = "<group>"; };
		D0211C1A1365D5B500CC5635 /* S3AsyncViewController.xib */ = {isa = PBXFileReference; lastKnownFileType = file.xib; path = S3AsyncViewController.xib; sourceTree = "<group>"; };
		D0211C1C1365D5D000CC5635 /* S3AsyncViewController.h */ = {isa = PBXFileReference; fileEncoding = 4; lastKnownFileType = sourcecode.c.h; path = S3AsyncViewController.h; sourceTree = "<group>"; };
		D0211C1D1365D5D000CC5635 /* S3AsyncViewController.m */ = {isa = PBXFileReference; fileEncoding = 4; lastKnownFileType = sourcecode.c.objc; path = S3AsyncViewController.m; sourceTree = "<group>"; };
		D0211C631365E05800CC5635 /* S3RequestDelegate.h */ = {isa = PBXFileReference; fileEncoding = 4; lastKnownFileType = sourcecode.c.h; name = S3RequestDelegate.h; path = ../S3RequestDelegate.h; sourceTree = "<group>"; };
		D0211C641365E05800CC5635 /* S3RequestDelegate.m */ = {isa = PBXFileReference; fileEncoding = 4; lastKnownFileType = sourcecode.c.objc; name = S3RequestDelegate.m; path = ../S3RequestDelegate.m; sourceTree = "<group>"; };
		D0211C9B1365E5EA00CC5635 /* temp.txt */ = {isa = PBXFileReference; fileEncoding = 4; lastKnownFileType = text; name = temp.txt; path = Classes/temp.txt; sourceTree = SOURCE_ROOT; };
		D03F1B3E137796C200891BD9 /* AWSiOSSDK.framework */ = {isa = PBXFileReference; lastKnownFileType = wrapper.framework; name = AWSiOSSDK.framework; path = ../../AWSiOSSDK.framework; sourceTree = "<group>"; };
		D099928C128CA0E100CF9F64 /* AddBucketViewController.h */ = {isa = PBXFileReference; fileEncoding = 4; lastKnownFileType = sourcecode.c.h; path = AddBucketViewController.h; sourceTree = "<group>"; };
		D099928D128CA0E100CF9F64 /* AddBucketViewController.m */ = {isa = PBXFileReference; fileEncoding = 4; lastKnownFileType = sourcecode.c.objc; path = AddBucketViewController.m; sourceTree = "<group>"; };
		D099928E128CA0E100CF9F64 /* AddBucketViewController.xib */ = {isa = PBXFileReference; lastKnownFileType = file.xib; path = AddBucketViewController.xib; sourceTree = "<group>"; };
		D099928F128CA0E100CF9F64 /* AddObjectViewController.h */ = {isa = PBXFileReference; fileEncoding = 4; lastKnownFileType = sourcecode.c.h; path = AddObjectViewController.h; sourceTree = "<group>"; };
		D0999290128CA0E100CF9F64 /* AddObjectViewController.m */ = {isa = PBXFileReference; fileEncoding = 4; lastKnownFileType = sourcecode.c.objc; path = AddObjectViewController.m; sourceTree = "<group>"; };
		D0999291128CA0E100CF9F64 /* AddObjectViewController.xib */ = {isa = PBXFileReference; lastKnownFileType = file.xib; path = AddObjectViewController.xib; sourceTree = "<group>"; };
		D0999292128CA0E100CF9F64 /* BucketList.h */ = {isa = PBXFileReference; fileEncoding = 4; lastKnownFileType = sourcecode.c.h; path = BucketList.h; sourceTree = "<group>"; };
		D0999293128CA0E100CF9F64 /* BucketList.m */ = {isa = PBXFileReference; fileEncoding = 4; lastKnownFileType = sourcecode.c.objc; path = BucketList.m; sourceTree = "<group>"; };
		D0999294128CA0E100CF9F64 /* BucketList.xib */ = {isa = PBXFileReference; lastKnownFileType = file.xib; path = BucketList.xib; sourceTree = "<group>"; };
		D0999295128CA0E100CF9F64 /* Constants.h */ = {isa = PBXFileReference; fileEncoding = 4; lastKnownFileType = sourcecode.c.h; name = Constants.h; path = S3/Constants.h; sourceTree = "<group>"; };
		D0999296128CA0E100CF9F64 /* Constants.m */ = {isa = PBXFileReference; fileEncoding = 4; lastKnownFileType = sourcecode.c.objc; name = Constants.m; path = S3/Constants.m; sourceTree = "<group>"; };
		D0999297128CA0E100CF9F64 /* ObjectListing.h */ = {isa = PBXFileReference; fileEncoding = 4; lastKnownFileType = sourcecode.c.h; path = ObjectListing.h; sourceTree = "<group>"; };
		D0999298128CA0E100CF9F64 /* ObjectListing.m */ = {isa = PBXFileReference; fileEncoding = 4; lastKnownFileType = sourcecode.c.objc; path = ObjectListing.m; sourceTree = "<group>"; };
		D0999299128CA0E100CF9F64 /* ObjectListing.xib */ = {isa = PBXFileReference; lastKnownFileType = file.xib; path = ObjectListing.xib; sourceTree = "<group>"; };
		D099929A128CA0E100CF9F64 /* ObjectViewController.h */ = {isa = PBXFileReference; fileEncoding = 4; lastKnownFileType = sourcecode.c.h; path = ObjectViewController.h; sourceTree = "<group>"; };
		D099929B128CA0E100CF9F64 /* ObjectViewController.m */ = {isa = PBXFileReference; fileEncoding = 4; lastKnownFileType = sourcecode.c.objc; path = ObjectViewController.m; sourceTree = "<group>"; };
		D099929C128CA0E100CF9F64 /* ObjectViewController.xib */ = {isa = PBXFileReference; lastKnownFileType = file.xib; path = ObjectViewController.xib; sourceTree = "<group>"; };
		D099945B128CAAE000CF9F64 /* DomainList.h */ = {isa = PBXFileReference; fileEncoding = 4; lastKnownFileType = sourcecode.c.h; path = DomainList.h; sourceTree = "<group>"; };
		D099945C128CAAE000CF9F64 /* DomainList.m */ = {isa = PBXFileReference; fileEncoding = 4; lastKnownFileType = sourcecode.c.objc; path = DomainList.m; sourceTree = "<group>"; };
		D099945D128CAAE000CF9F64 /* DomainList.xib */ = {isa = PBXFileReference; lastKnownFileType = file.xib; path = DomainList.xib; sourceTree = "<group>"; };
		D09994AA128CACC300CF9F64 /* ItemListing.h */ = {isa = PBXFileReference; fileEncoding = 4; lastKnownFileType = sourcecode.c.h; path = ItemListing.h; sourceTree = "<group>"; };
		D09994AB128CACC300CF9F64 /* ItemListing.m */ = {isa = PBXFileReference; fileEncoding = 4; lastKnownFileType = sourcecode.c.objc; path = ItemListing.m; sourceTree = "<group>"; };
		D09994AC128CACC300CF9F64 /* ItemListing.xib */ = {isa = PBXFileReference; lastKnownFileType = file.xib; path = ItemListing.xib; sourceTree = "<group>"; };
		D099951C128CB32100CF9F64 /* ItemViewController.h */ = {isa = PBXFileReference; fileEncoding = 4; lastKnownFileType = sourcecode.c.h; path = ItemViewController.h; sourceTree = "<group>"; };
		D099951D128CB32100CF9F64 /* ItemViewController.m */ = {isa = PBXFileReference; fileEncoding = 4; lastKnownFileType = sourcecode.c.objc; path = ItemViewController.m; sourceTree = "<group>"; };
		D099951E128CB32100CF9F64 /* ItemViewController.xib */ = {isa = PBXFileReference; lastKnownFileType = file.xib; path = ItemViewController.xib; sourceTree = "<group>"; };
/* End PBXFileReference section */

/* Begin PBXFrameworksBuildPhase section */
		1D60588F0D05DD3D006BFB54 /* Frameworks */ = {
			isa = PBXFrameworksBuildPhase;
			buildActionMask = 2147483647;
			files = (
				1D60589F0D05DD5A006BFB54 /* Foundation.framework in Frameworks */,
				1DF5F4E00D08C38300B7A737 /* UIKit.framework in Frameworks */,
				288765A50DF7441C002DB57D /* CoreGraphics.framework in Frameworks */,
				D03F1B3F137796C200891BD9 /* AWSiOSSDK.framework in Frameworks */,
			);
			runOnlyForDeploymentPostprocessing = 0;
		};
/* End PBXFrameworksBuildPhase section */

/* Begin PBXGroup section */
		080E96DDFE201D6D7F000001 /* Classes */ = {
			isa = PBXGroup;
			children = (
				D020A4AC12CC096E00332CDD /* SNS */,
				D020A4A412CC085300332CDD /* SQS */,
				D099945A128CAA4B00CF9F64 /* SimpleDB */,
				D099928B128CA0E100CF9F64 /* S3 */,
				D0999295128CA0E100CF9F64 /* Constants.h */,
				D0999296128CA0E100CF9F64 /* Constants.m */,
				1D3623240D0F684500981E51 /* AWSiosDEMOAppDelegate.h */,
				1D3623250D0F684500981E51 /* AWSiosDEMOAppDelegate.m */,
				28D7ACF60DDB3853001CB0EB /* AWSiosDEMOViewController.h */,
				28D7ACF70DDB3853001CB0EB /* AWSiosDEMOViewController.m */,
			);
			path = Classes;
			sourceTree = "<group>";
		};
		19C28FACFE9D520D11CA2CBB /* Products */ = {
			isa = PBXGroup;
			children = (
				1D6058910D05DD3D006BFB54 /* AWSiosDEMO.app */,
			);
			name = Products;
			sourceTree = "<group>";
		};
		29B97314FDCFA39411CA2CEA /* CustomTemplate */ = {
			isa = PBXGroup;
			children = (
				080E96DDFE201D6D7F000001 /* Classes */,
				29B97315FDCFA39411CA2CEA /* Other Sources */,
				29B97317FDCFA39411CA2CEA /* Resources */,
				29B97323FDCFA39411CA2CEA /* Frameworks */,
				19C28FACFE9D520D11CA2CBB /* Products */,
			);
			name = CustomTemplate;
			sourceTree = "<group>";
		};
		29B97315FDCFA39411CA2CEA /* Other Sources */ = {
			isa = PBXGroup;
			children = (
				32CA4F630368D1EE00C91783 /* AWSiosDEMO_Prefix.pch */,
				29B97316FDCFA39411CA2CEA /* main.m */,
			);
			name = "Other Sources";
			sourceTree = "<group>";
		};
		29B97317FDCFA39411CA2CEA /* Resources */ = {
			isa = PBXGroup;
			children = (
				2899E5210DE3E06400AC0155 /* AWSiosDEMOViewController.xib */,
				28AD733E0D9D9553002E5188 /* MainWindow.xib */,
				8D1107310486CEB800E47090 /* AWSiosDEMO-Info.plist */,
			);
			name = Resources;
			sourceTree = "<group>";
		};
		29B97323FDCFA39411CA2CEA /* Frameworks */ = {
			isa = PBXGroup;
			children = (
				D03F1B3E137796C200891BD9 /* AWSiOSSDK.framework */,
				1DF5F4DF0D08C38300B7A737 /* UIKit.framework */,
				1D30AB110D05D00D00671497 /* Foundation.framework */,
				288765A40DF7441C002DB57D /* CoreGraphics.framework */,
			);
			name = Frameworks;
			sourceTree = "<group>";
		};
		D020A4A412CC085300332CDD /* SQS */ = {
			isa = PBXGroup;
			children = (
				D020A4A512CC086200332CDD /* QueueList.h */,
				D020A4A612CC086200332CDD /* QueueList.m */,
				D020A4A712CC086200332CDD /* QueueList.xib */,
				D020A4E912CC0D6F00332CDD /* MessageList.h */,
				D020A4EA12CC0D6F00332CDD /* MessageList.m */,
				D020A4EB12CC0D6F00332CDD /* MessageList.xib */,
				D00E162512CD3BDC00FA8ED7 /* SendMessage.h */,
				D00E162612CD3BDC00FA8ED7 /* SendMessage.m */,
				D00E162712CD3BDC00FA8ED7 /* SendMessage.xib */,
				D00E17DC12CD58ED00FA8ED7 /* Message.h */,
				D00E17DD12CD58ED00FA8ED7 /* Message.m */,
				D00E17DE12CD58ED00FA8ED7 /* Message.xib */,
				D00E181212CD5C8F00FA8ED7 /* AddQueue.h */,
				D00E181312CD5C8F00FA8ED7 /* AddQueue.m */,
				D00E181412CD5C8F00FA8ED7 /* AddQueue.xib */,
			);
			name = SQS;
			sourceTree = "<group>";
		};
		D020A4AC12CC096E00332CDD /* SNS */ = {
			isa = PBXGroup;
			children = (
				D020A4AD12CC096E00332CDD /* TopicList.h */,
				D020A4AE12CC096E00332CDD /* TopicList.m */,
				D020A4AF12CC096E00332CDD /* TopicList.xib */,
			);
			path = SNS;
			sourceTree = "<group>";
		};
		D099928B128CA0E100CF9F64 /* S3 */ = {
			isa = PBXGroup;
			children = (
				D0211C9B1365E5EA00CC5635 /* temp.txt */,
				D0211C631365E05800CC5635 /* S3RequestDelegate.h */,
				D0211C641365E05800CC5635 /* S3RequestDelegate.m */,
				D099928C128CA0E100CF9F64 /* AddBucketViewController.h */,
				D099928D128CA0E100CF9F64 /* AddBucketViewController.m */,
				D099928E128CA0E100CF9F64 /* AddBucketViewController.xib */,
				D099928F128CA0E100CF9F64 /* AddObjectViewController.h */,
				D0999290128CA0E100CF9F64 /* AddObjectViewController.m */,
				D0999291128CA0E100CF9F64 /* AddObjectViewController.xib */,
				D0999292128CA0E100CF9F64 /* BucketList.h */,
				D0999293128CA0E100CF9F64 /* BucketList.m */,
				D0999294128CA0E100CF9F64 /* BucketList.xib */,
				D0999297128CA0E100CF9F64 /* ObjectListing.h */,
				D0999298128CA0E100CF9F64 /* ObjectListing.m */,
				D0999299128CA0E100CF9F64 /* ObjectListing.xib */,
				D099929A128CA0E100CF9F64 /* ObjectViewController.h */,
				D099929B128CA0E100CF9F64 /* ObjectViewController.m */,
				D099929C128CA0E100CF9F64 /* ObjectViewController.xib */,
				D0211C1A1365D5B500CC5635 /* S3AsyncViewController.xib */,
				D0211C1C1365D5D000CC5635 /* S3AsyncViewController.h */,
				D0211C1D1365D5D000CC5635 /* S3AsyncViewController.m */,
			);
			path = S3;
			sourceTree = "<group>";
		};
		D099945A128CAA4B00CF9F64 /* SimpleDB */ = {
			isa = PBXGroup;
			children = (
				D0167E8313673F0B00FA6780 /* SdbAsyncViewController.h */,
				D0167E8413673F0B00FA6780 /* SdbAsyncViewController.m */,
				D0167E8513673F0B00FA6780 /* SdbAsyncViewController.xib */,
				D0167E8613673F0B00FA6780 /* SdbRequestDelegate.h */,
				D0167E8713673F0B00FA6780 /* SdbRequestDelegate.m */,
				D099945B128CAAE000CF9F64 /* DomainList.h */,
				D099945C128CAAE000CF9F64 /* DomainList.m */,
				D099945D128CAAE000CF9F64 /* DomainList.xib */,
				D09994AA128CACC300CF9F64 /* ItemListing.h */,
				D09994AB128CACC300CF9F64 /* ItemListing.m */,
				D09994AC128CACC300CF9F64 /* ItemListing.xib */,
				D099951C128CB32100CF9F64 /* ItemViewController.h */,
				D099951D128CB32100CF9F64 /* ItemViewController.m */,
				D099951E128CB32100CF9F64 /* ItemViewController.xib */,
			);
			name = SimpleDB;
			sourceTree = "<group>";
		};
/* End PBXGroup section */

/* Begin PBXNativeTarget section */
		1D6058900D05DD3D006BFB54 /* AWSiosDEMO */ = {
			isa = PBXNativeTarget;
			buildConfigurationList = 1D6058960D05DD3E006BFB54 /* Build configuration list for PBXNativeTarget "AWSiosDEMO" */;
			buildPhases = (
				1D60588D0D05DD3D006BFB54 /* Resources */,
				1D60588E0D05DD3D006BFB54 /* Sources */,
				1D60588F0D05DD3D006BFB54 /* Frameworks */,
			);
			buildRules = (
			);
			dependencies = (
			);
			name = AWSiosDEMO;
			productName = AWSiosDEMO;
			productReference = 1D6058910D05DD3D006BFB54 /* AWSiosDEMO.app */;
			productType = "com.apple.product-type.application";
		};
/* End PBXNativeTarget section */

/* Begin PBXProject section */
		29B97313FDCFA39411CA2CEA /* Project object */ = {
			isa = PBXProject;
			buildConfigurationList = C01FCF4E08A954540054247B /* Build configuration list for PBXProject "AWSiosDEMO" */;
			compatibilityVersion = "Xcode 3.1";
			developmentRegion = English;
			hasScannedForEncodings = 1;
			knownRegions = (
				English,
				Japanese,
				French,
				German,
			);
			mainGroup = 29B97314FDCFA39411CA2CEA /* CustomTemplate */;
			projectDirPath = "";
			projectRoot = "";
			targets = (
				1D6058900D05DD3D006BFB54 /* AWSiosDEMO */,
			);
		};
/* End PBXProject section */

/* Begin PBXResourcesBuildPhase section */
		1D60588D0D05DD3D006BFB54 /* Resources */ = {
			isa = PBXResourcesBuildPhase;
			buildActionMask = 2147483647;
			files = (
				28AD733F0D9D9553002E5188 /* MainWindow.xib in Resources */,
				2899E5220DE3E06400AC0155 /* AWSiosDEMOViewController.xib in Resources */,
				D099929E128CA0E100CF9F64 /* AddBucketViewController.xib in Resources */,
				D09992A0128CA0E100CF9F64 /* AddObjectViewController.xib in Resources */,
				D09992A2128CA0E100CF9F64 /* BucketList.xib in Resources */,
				D09992A5128CA0E100CF9F64 /* ObjectListing.xib in Resources */,
				D09992A7128CA0E100CF9F64 /* ObjectViewController.xib in Resources */,
				D099945F128CAAE000CF9F64 /* DomainList.xib in Resources */,
				D09994AE128CACC300CF9F64 /* ItemListing.xib in Resources */,
				D0999520128CB32100CF9F64 /* ItemViewController.xib in Resources */,
				D020A4A912CC086200332CDD /* QueueList.xib in Resources */,
				D020A4B112CC096E00332CDD /* TopicList.xib in Resources */,
				D020A4ED12CC0D6F00332CDD /* MessageList.xib in Resources */,
				D00E162912CD3BDC00FA8ED7 /* SendMessage.xib in Resources */,
				D00E17E012CD58ED00FA8ED7 /* Message.xib in Resources */,
				D00E181612CD5C8F00FA8ED7 /* AddQueue.xib in Resources */,
				D0211C1B1365D5B500CC5635 /* S3AsyncViewController.xib in Resources */,
				D0211C9C1365E5EA00CC5635 /* temp.txt in Resources */,
				D0167E8913673F0B00FA6780 /* SdbAsyncViewController.xib in Resources */,
			);
			runOnlyForDeploymentPostprocessing = 0;
		};
/* End PBXResourcesBuildPhase section */

/* Begin PBXSourcesBuildPhase section */
		1D60588E0D05DD3D006BFB54 /* Sources */ = {
			isa = PBXSourcesBuildPhase;
			buildActionMask = 2147483647;
			files = (
				1D60589B0D05DD56006BFB54 /* main.m in Sources */,
				1D3623260D0F684500981E51 /* AWSiosDEMOAppDelegate.m in Sources */,
				28D7ACF80DDB3853001CB0EB /* AWSiosDEMOViewController.m in Sources */,
				D099929D128CA0E100CF9F64 /* AddBucketViewController.m in Sources */,
				D099929F128CA0E100CF9F64 /* AddObjectViewController.m in Sources */,
				D09992A1128CA0E100CF9F64 /* BucketList.m in Sources */,
				D09992A3128CA0E100CF9F64 /* Constants.m in Sources */,
				D09992A4128CA0E100CF9F64 /* ObjectListing.m in Sources */,
				D09992A6128CA0E100CF9F64 /* ObjectViewController.m in Sources */,
				D099945E128CAAE000CF9F64 /* DomainList.m in Sources */,
				D09994AD128CACC300CF9F64 /* ItemListing.m in Sources */,
				D099951F128CB32100CF9F64 /* ItemViewController.m in Sources */,
				D020A4A812CC086200332CDD /* QueueList.m in Sources */,
				D020A4B012CC096E00332CDD /* TopicList.m in Sources */,
				D020A4EC12CC0D6F00332CDD /* MessageList.m in Sources */,
				D00E162812CD3BDC00FA8ED7 /* SendMessage.m in Sources */,
				D00E17DF12CD58ED00FA8ED7 /* Message.m in Sources */,
				D00E181512CD5C8F00FA8ED7 /* AddQueue.m in Sources */,
				D0211C1E1365D5D000CC5635 /* S3AsyncViewController.m in Sources */,
				D0211C651365E05800CC5635 /* S3RequestDelegate.m in Sources */,
				D0167E8813673F0B00FA6780 /* SdbAsyncViewController.m in Sources */,
				D0167E8A13673F0B00FA6780 /* SdbRequestDelegate.m in Sources */,
			);
			runOnlyForDeploymentPostprocessing = 0;
		};
/* End PBXSourcesBuildPhase section */

/* Begin XCBuildConfiguration section */
		1D6058940D05DD3E006BFB54 /* Debug */ = {
			isa = XCBuildConfiguration;
			buildSettings = {
				ALWAYS_SEARCH_USER_PATHS = NO;
				COPY_PHASE_STRIP = NO;
				FRAMEWORK_SEARCH_PATHS = (
					"$(inherited)",
					"\"$(SRCROOT)\"",
					"\"$(SRCROOT)/../..\"",
					"\"$(SRCROOT)/../../src/build/Framework\"",
					"\"$(SRCROOT)/../../../aws-ios-sdk-0.2.2\"",
				);
				GCC_DYNAMIC_NO_PIC = NO;
				GCC_OPTIMIZATION_LEVEL = 0;
				GCC_PRECOMPILE_PREFIX_HEADER = YES;
				GCC_PREFIX_HEADER = AWSiosDEMO_Prefix.pch;
				INFOPLIST_FILE = "AWSiosDEMO-Info.plist";
				PRODUCT_NAME = AWSiosDEMO;
				SDKROOT = iphoneos;
			};
			name = Debug;
		};
		1D6058950D05DD3E006BFB54 /* Release */ = {
			isa = XCBuildConfiguration;
			buildSettings = {
				ALWAYS_SEARCH_USER_PATHS = NO;
				COPY_PHASE_STRIP = YES;
				FRAMEWORK_SEARCH_PATHS = (
					"$(inherited)",
					"\"$(SRCROOT)\"",
					"\"$(SRCROOT)/../..\"",
					"\"$(SRCROOT)/../../src/build/Framework\"",
					"\"$(SRCROOT)/../../../aws-ios-sdk-0.2.2\"",
				);
				GCC_PRECOMPILE_PREFIX_HEADER = YES;
				GCC_PREFIX_HEADER = AWSiosDEMO_Prefix.pch;
				INFOPLIST_FILE = "AWSiosDEMO-Info.plist";
				PRODUCT_NAME = AWSiosDEMO;
				SDKROOT = iphoneos;
				VALIDATE_PRODUCT = YES;
			};
			name = Release;
		};
		C01FCF4F08A954540054247B /* Debug */ = {
			isa = XCBuildConfiguration;
			buildSettings = {
				ARCHS = "$(ARCHS_STANDARD_32_BIT)";
				"CODE_SIGN_IDENTITY[sdk=iphoneos*]" = "iPhone Developer";
				GCC_C_LANGUAGE_STANDARD = c99;
				GCC_WARN_ABOUT_RETURN_TYPE = YES;
				GCC_WARN_UNUSED_VARIABLE = YES;
				PREBINDING = NO;
				SDKROOT = iphoneos4.1;
			};
			name = Debug;
		};
		C01FCF5008A954540054247B /* Release */ = {
			isa = XCBuildConfiguration;
			buildSettings = {
				ARCHS = "$(ARCHS_STANDARD_32_BIT)";
				"CODE_SIGN_IDENTITY[sdk=iphoneos*]" = "iPhone Developer";
				GCC_C_LANGUAGE_STANDARD = c99;
				GCC_WARN_ABOUT_RETURN_TYPE = YES;
				GCC_WARN_UNUSED_VARIABLE = YES;
				OTHER_CFLAGS = "-DNS_BLOCK_ASSERTIONS=1";
				PREBINDING = NO;
				SDKROOT = iphoneos4.1;
			};
			name = Release;
		};
/* End XCBuildConfiguration section */

/* Begin XCConfigurationList section */
		1D6058960D05DD3E006BFB54 /* Build configuration list for PBXNativeTarget "AWSiosDEMO" */ = {
			isa = XCConfigurationList;
			buildConfigurations = (
				1D6058940D05DD3E006BFB54 /* Debug */,
				1D6058950D05DD3E006BFB54 /* Release */,
			);
			defaultConfigurationIsVisible = 0;
			defaultConfigurationName = Release;
		};
		C01FCF4E08A954540054247B /* Build configuration list for PBXProject "AWSiosDEMO" */ = {
			isa = XCConfigurationList;
			buildConfigurations = (
				C01FCF4F08A954540054247B /* Debug */,
				C01FCF5008A954540054247B /* Release */,
			);
			defaultConfigurationIsVisible = 0;
			defaultConfigurationName = Release;
		};
/* End XCConfigurationList section */
	};
	rootObject = 29B97313FDCFA39411CA2CEA /* Project object */;
}
